
Microsoft Visual Studio Solution File, Format Version 12.00
# Visual Studio 15
Project("{FAE04EC0-301F-11D3-BF4B-00C04F79EFBC}") = "Assembly-CSharp", "Assembly-CSharp.csproj", "{1E6C0B6C-A414-D9C9-466E-111ECFEEEE50}"
EndProject
Project("{FAE04EC0-301F-11D3-BF4B-00C04F79EFBC}") = "Assembly-CSharp-Editor", "Assembly-CSharp-Editor.csproj", "{8C85B88E-22D4-B76D-7210-650C62739B6F}"
EndProject
Global
	GlobalSection(SolutionConfigurationPlatforms) = preSolution
		Debug|Any CPU = Debug|Any CPU
		Release|Any CPU = Release|Any CPU
	EndGlobalSection
	GlobalSection(ProjectConfigurationPlatforms) = postSolution
		{1E6C0B6C-A414-D9C9-466E-111ECFEEEE50}.Debug|Any CPU.ActiveCfg = Debug|Any CPU
		{1E6C0B6C-A414-D9C9-466E-111ECFEEEE50}.Debug|Any CPU.Build.0 = Debug|Any CPU
		{1E6C0B6C-A414-D9C9-466E-111ECFEEEE50}.Release|Any CPU.ActiveCfg = Release|Any CPU
		{1E6C0B6C-A414-D9C9-466E-111ECFEEEE50}.Release|Any CPU.Build.0 = Release|Any CPU
		{8C85B88E-22D4-B76D-7210-650C62739B6F}.Debug|Any CPU.ActiveCfg = Debug|Any CPU
		{8C85B88E-22D4-B76D-7210-650C62739B6F}.Debug|Any CPU.Build.0 = Debug|Any CPU
		{8C85B88E-22D4-B76D-7210-650C62739B6F}.Release|Any CPU.ActiveCfg = Release|Any CPU
		{8C85B88E-22D4-B76D-7210-650C62739B6F}.Release|Any CPU.Build.0 = Release|Any CPU
	EndGlobalSection
	GlobalSection(SolutionProperties) = preSolution
		HideSolutionNode = FALSE
	EndGlobalSection
EndGlobal
